
Microsoft Visual Studio Solution File, Format Version 12.00
# Visual Studio Version 17
VisualStudioVersion = 17.11.35327.3
MinimumVisualStudioVersion = 10.0.40219.1
Project("{FAE04EC0-301F-11D3-BF4B-00C04F79EFBC}") = "SocialMediaApp", "SocialMediaApp.csproj", "{2A229A4F-440F-4BFC-81CA-15F7D70B71CB}"
EndProject
Global
	GlobalSection(SolutionConfigurationPlatforms) = preSolution
		Debug|Any CPU = Debug|Any CPU
		Release|Any CPU = Release|Any CPU
	EndGlobalSection
	GlobalSection(ProjectConfigurationPlatforms) = postSolution
		{2A229A4F-440F-4BFC-81CA-15F7D70B71CB}.Debug|Any CPU.ActiveCfg = Debug|Any CPU
		{2A229A4F-440F-4BFC-81CA-15F7D70B71CB}.Debug|Any CPU.Build.0 = Debug|Any CPU
		{2A229A4F-440F-4BFC-81CA-15F7D70B71CB}.Release|Any CPU.ActiveCfg = Release|Any CPU
		{2A229A4F-440F-4BFC-81CA-15F7D70B71CB}.Release|Any CPU.Build.0 = Release|Any CPU
	EndGlobalSection
	GlobalSection(SolutionProperties) = preSolution
		HideSolutionNode = FALSE
	EndGlobalSection
	GlobalSection(ExtensibilityGlobals) = postSolution
		SolutionGuid = {BC6A58A8-667A-40BD-9F46-0F9125487597}
	EndGlobalSection
EndGlobal
